
Microsoft Visual Studio Solution File, Format Version 12.00
# Visual Studio Version 17
VisualStudioVersion = 17.12.35527.113 d17.12
MinimumVisualStudioVersion = 10.0.40219.1
Project("{FAE04EC0-301F-11D3-BF4B-00C04F79EFBC}") = "KickStartWeb", "src\KickStartWeb\KickStartWeb.csproj", "{AA77E865-5E5D-4F5B-B4A1-348EB48E509B}"
EndProject
Project("{FAE04EC0-301F-11D3-BF4B-00C04F79EFBC}") = "Domain", "src\Domain\Domain.csproj", "{03F75D62-4D75-4583-8FD3-A65B9B8044F5}"
EndProject
Project("{FAE04EC0-301F-11D3-BF4B-00C04F79EFBC}") = "Infrastructure", "src\Infrastructure\Infrastructure.csproj", "{1F73D51E-A98A-4A08-BE21-0E1757969656}"
EndProject
Project("{2150E333-8FDC-42A3-9474-1A3956D46DE8}") = "Solution Items", "Solution Items", "{02785039-253C-4D53-8384-9D45EF4C8807}"
	ProjectSection(SolutionItems) = preProject
		.editorconfig = .editorconfig
		Directory.Build.props = Directory.Build.props
		Directory.Packages.props = Directory.Packages.props
		README.md = README.md
		Observability.md = Observability.md
	EndProjectSection
EndProject
Project("{FAE04EC0-301F-11D3-BF4B-00C04F79EFBC}") = "Aspire.AppHost", "src\Aspire.AppHost\Aspire.AppHost.csproj", "{B4399FE9-95A0-4855-B2C1-2FC326208723}"
EndProject
Project("{FAE04EC0-301F-11D3-BF4B-00C04F79EFBC}") = "Aspire.ServiceDefaults", "src\Aspire.ServiceDefaults\Aspire.ServiceDefaults.csproj", "{BF627B15-D0A8-4CA9-9B68-D8F1AF337311}"
EndProject
Project("{FAE04EC0-301F-11D3-BF4B-00C04F79EFBC}") = "Core", "src\Core\Core.csproj", "{AEB15E6E-E55F-4C37-95F9-46631611AA6E}"
EndProject
Project("{FAE04EC0-301F-11D3-BF4B-00C04F79EFBC}") = "UnitTests", "test\UnitTests\UnitTests.csproj", "{7FF5D8D2-2AA6-4971-9881-FD96E9BD90F3}"
EndProject
Project("{2150E333-8FDC-42A3-9474-1A3956D46DE8}") = "test", "test", "{3781A336-4900-4621-A6B5-BC9D418DFD01}"
EndProject
Project("{FAE04EC0-301F-11D3-BF4B-00C04F79EFBC}") = "AcceptanceTests", "test\AcceptanceTests\AcceptanceTests.csproj", "{5F8CD65E-E08D-409F-A665-1B042BC9E159}"
EndProject
Project("{FAE04EC0-301F-11D3-BF4B-00C04F79EFBC}") = "IntegrationTests", "test\IntegrationTests\IntegrationTests.csproj", "{9E897165-4319-4383-9D99-D2503E4BB5FD}"
EndProject
Project("{FAE04EC0-301F-11D3-BF4B-00C04F79EFBC}") = "WebApi", "src\WebApi\WebApi.csproj", "{D83AAF68-6150-483E-A0DC-562E91CA8E26}"
EndProject
Global
	GlobalSection(SolutionConfigurationPlatforms) = preSolution
		Debug|Any CPU = Debug|Any CPU
		Release|Any CPU = Release|Any CPU
	EndGlobalSection
	GlobalSection(ProjectConfigurationPlatforms) = postSolution
		{AA77E865-5E5D-4F5B-B4A1-348EB48E509B}.Debug|Any CPU.ActiveCfg = Debug|Any CPU
		{AA77E865-5E5D-4F5B-B4A1-348EB48E509B}.Debug|Any CPU.Build.0 = Debug|Any CPU
		{AA77E865-5E5D-4F5B-B4A1-348EB48E509B}.Release|Any CPU.ActiveCfg = Release|Any CPU
		{AA77E865-5E5D-4F5B-B4A1-348EB48E509B}.Release|Any CPU.Build.0 = Release|Any CPU
		{03F75D62-4D75-4583-8FD3-A65B9B8044F5}.Debug|Any CPU.ActiveCfg = Debug|Any CPU
		{03F75D62-4D75-4583-8FD3-A65B9B8044F5}.Debug|Any CPU.Build.0 = Debug|Any CPU
		{03F75D62-4D75-4583-8FD3-A65B9B8044F5}.Release|Any CPU.ActiveCfg = Release|Any CPU
		{03F75D62-4D75-4583-8FD3-A65B9B8044F5}.Release|Any CPU.Build.0 = Release|Any CPU
		{1F73D51E-A98A-4A08-BE21-0E1757969656}.Debug|Any CPU.ActiveCfg = Debug|Any CPU
		{1F73D51E-A98A-4A08-BE21-0E1757969656}.Debug|Any CPU.Build.0 = Debug|Any CPU
		{1F73D51E-A98A-4A08-BE21-0E1757969656}.Release|Any CPU.ActiveCfg = Release|Any CPU
		{1F73D51E-A98A-4A08-BE21-0E1757969656}.Release|Any CPU.Build.0 = Release|Any CPU
		{B4399FE9-95A0-4855-B2C1-2FC326208723}.Debug|Any CPU.ActiveCfg = Debug|Any CPU
		{B4399FE9-95A0-4855-B2C1-2FC326208723}.Debug|Any CPU.Build.0 = Debug|Any CPU
		{B4399FE9-95A0-4855-B2C1-2FC326208723}.Release|Any CPU.ActiveCfg = Release|Any CPU
		{B4399FE9-95A0-4855-B2C1-2FC326208723}.Release|Any CPU.Build.0 = Release|Any CPU
		{BF627B15-D0A8-4CA9-9B68-D8F1AF337311}.Debug|Any CPU.ActiveCfg = Debug|Any CPU
		{BF627B15-D0A8-4CA9-9B68-D8F1AF337311}.Debug|Any CPU.Build.0 = Debug|Any CPU
		{BF627B15-D0A8-4CA9-9B68-D8F1AF337311}.Release|Any CPU.ActiveCfg = Release|Any CPU
		{BF627B15-D0A8-4CA9-9B68-D8F1AF337311}.Release|Any CPU.Build.0 = Release|Any CPU
		{AEB15E6E-E55F-4C37-95F9-46631611AA6E}.Debug|Any CPU.ActiveCfg = Debug|Any CPU
		{AEB15E6E-E55F-4C37-95F9-46631611AA6E}.Debug|Any CPU.Build.0 = Debug|Any CPU
		{AEB15E6E-E55F-4C37-95F9-46631611AA6E}.Release|Any CPU.ActiveCfg = Release|Any CPU
		{AEB15E6E-E55F-4C37-95F9-46631611AA6E}.Release|Any CPU.Build.0 = Release|Any CPU
		{7FF5D8D2-2AA6-4971-9881-FD96E9BD90F3}.Debug|Any CPU.ActiveCfg = Debug|Any CPU
		{7FF5D8D2-2AA6-4971-9881-FD96E9BD90F3}.Debug|Any CPU.Build.0 = Debug|Any CPU
		{7FF5D8D2-2AA6-4971-9881-FD96E9BD90F3}.Release|Any CPU.ActiveCfg = Release|Any CPU
		{7FF5D8D2-2AA6-4971-9881-FD96E9BD90F3}.Release|Any CPU.Build.0 = Release|Any CPU
		{5F8CD65E-E08D-409F-A665-1B042BC9E159}.Debug|Any CPU.ActiveCfg = Debug|Any CPU
		{5F8CD65E-E08D-409F-A665-1B042BC9E159}.Debug|Any CPU.Build.0 = Debug|Any CPU
		{5F8CD65E-E08D-409F-A665-1B042BC9E159}.Release|Any CPU.ActiveCfg = Release|Any CPU
		{5F8CD65E-E08D-409F-A665-1B042BC9E159}.Release|Any CPU.Build.0 = Release|Any CPU
		{9E897165-4319-4383-9D99-D2503E4BB5FD}.Debug|Any CPU.ActiveCfg = Debug|Any CPU
		{9E897165-4319-4383-9D99-D2503E4BB5FD}.Debug|Any CPU.Build.0 = Debug|Any CPU
		{9E897165-4319-4383-9D99-D2503E4BB5FD}.Release|Any CPU.ActiveCfg = Release|Any CPU
		{9E897165-4319-4383-9D99-D2503E4BB5FD}.Release|Any CPU.Build.0 = Release|Any CPU
		{D83AAF68-6150-483E-A0DC-562E91CA8E26}.Debug|Any CPU.ActiveCfg = Debug|Any CPU
		{D83AAF68-6150-483E-A0DC-562E91CA8E26}.Debug|Any CPU.Build.0 = Debug|Any CPU
		{D83AAF68-6150-483E-A0DC-562E91CA8E26}.Release|Any CPU.ActiveCfg = Release|Any CPU
		{D83AAF68-6150-483E-A0DC-562E91CA8E26}.Release|Any CPU.Build.0 = Release|Any CPU
	EndGlobalSection
	GlobalSection(SolutionProperties) = preSolution
		HideSolutionNode = FALSE
	EndGlobalSection
	GlobalSection(NestedProjects) = preSolution
		{7FF5D8D2-2AA6-4971-9881-FD96E9BD90F3} = {3781A336-4900-4621-A6B5-BC9D418DFD01}
		{5F8CD65E-E08D-409F-A665-1B042BC9E159} = {3781A336-4900-4621-A6B5-BC9D418DFD01}
		{9E897165-4319-4383-9D99-D2503E4BB5FD} = {3781A336-4900-4621-A6B5-BC9D418DFD01}
	EndGlobalSection
EndGlobal
