
Microsoft Visual Studio Solution File, Format Version 12.00
Project("{FAE04EC0-301F-11D3-BF4B-00C04F79EFBC}") = "KickStartWeb", "src\KickStartWeb\KickStartWeb.csproj", "{AA77E865-5E5D-4F5B-B4A1-348EB48E509B}"
EndProject
Project("{FAE04EC0-301F-11D3-BF4B-00C04F79EFBC}") = "Application", "src\Application\Application.csproj", "{313558FD-5319-444A-9312-F87B640B64E1}"
EndProject
Project("{FAE04EC0-301F-11D3-BF4B-00C04F79EFBC}") = "Domain", "src\Domain\Domain.csproj", "{03F75D62-4D75-4583-8FD3-A65B9B8044F5}"
EndProject
Project("{FAE04EC0-301F-11D3-BF4B-00C04F79EFBC}") = "Infrastructure", "src\Infrastructure\Infrastructure.csproj", "{1F73D51E-A98A-4A08-BE21-0E1757969656}"
EndProject
Project("{FAE04EC0-301F-11D3-BF4B-00C04F79EFBC}") = "ServiceDefaults", "src\ServiceDefaults\ServiceDefaults.csproj", "{C41BF4EF-F09D-4242-9FF2-F6C687877DB9}"
EndProject
Global
	GlobalSection(SolutionConfigurationPlatforms) = preSolution
		Debug|Any CPU = Debug|Any CPU
		Release|Any CPU = Release|Any CPU
	EndGlobalSection
	GlobalSection(ProjectConfigurationPlatforms) = postSolution
		{AA77E865-5E5D-4F5B-B4A1-348EB48E509B}.Debug|Any CPU.ActiveCfg = Debug|Any CPU
		{AA77E865-5E5D-4F5B-B4A1-348EB48E509B}.Debug|Any CPU.Build.0 = Debug|Any CPU
		{AA77E865-5E5D-4F5B-B4A1-348EB48E509B}.Release|Any CPU.ActiveCfg = Release|Any CPU
		{AA77E865-5E5D-4F5B-B4A1-348EB48E509B}.Release|Any CPU.Build.0 = Release|Any CPU
		{313558FD-5319-444A-9312-F87B640B64E1}.Debug|Any CPU.ActiveCfg = Debug|Any CPU
		{313558FD-5319-444A-9312-F87B640B64E1}.Debug|Any CPU.Build.0 = Debug|Any CPU
		{313558FD-5319-444A-9312-F87B640B64E1}.Release|Any CPU.ActiveCfg = Release|Any CPU
		{313558FD-5319-444A-9312-F87B640B64E1}.Release|Any CPU.Build.0 = Release|Any CPU
		{03F75D62-4D75-4583-8FD3-A65B9B8044F5}.Debug|Any CPU.ActiveCfg = Debug|Any CPU
		{03F75D62-4D75-4583-8FD3-A65B9B8044F5}.Debug|Any CPU.Build.0 = Debug|Any CPU
		{03F75D62-4D75-4583-8FD3-A65B9B8044F5}.Release|Any CPU.ActiveCfg = Release|Any CPU
		{03F75D62-4D75-4583-8FD3-A65B9B8044F5}.Release|Any CPU.Build.0 = Release|Any CPU
		{1F73D51E-A98A-4A08-BE21-0E1757969656}.Debug|Any CPU.ActiveCfg = Debug|Any CPU
		{1F73D51E-A98A-4A08-BE21-0E1757969656}.Debug|Any CPU.Build.0 = Debug|Any CPU
		{1F73D51E-A98A-4A08-BE21-0E1757969656}.Release|Any CPU.ActiveCfg = Release|Any CPU
		{1F73D51E-A98A-4A08-BE21-0E1757969656}.Release|Any CPU.Build.0 = Release|Any CPU
		{C41BF4EF-F09D-4242-9FF2-F6C687877DB9}.Debug|Any CPU.ActiveCfg = Debug|Any CPU
		{C41BF4EF-F09D-4242-9FF2-F6C687877DB9}.Debug|Any CPU.Build.0 = Debug|Any CPU
		{C41BF4EF-F09D-4242-9FF2-F6C687877DB9}.Release|Any CPU.ActiveCfg = Release|Any CPU
		{C41BF4EF-F09D-4242-9FF2-F6C687877DB9}.Release|Any CPU.Build.0 = Release|Any CPU
	EndGlobalSection
EndGlobal
